// !$*UTF8*$!
{
	archiveVersion = 1;
	classes = {
	};
	objectVersion = 46;
	objects = {

/* Begin PBXBuildFile section */
		23F42ECF1D069999002503B6 /* main.m in Sources */ = {isa = PBXBuildFile; fileRef = 23F42ECE1D069999002503B6 /* main.m */; };
		23F42ED21D069999002503B6 /* AppDelegate.m in Sources */ = {isa = PBXBuildFile; fileRef = 23F42ED11D069999002503B6 /* AppDelegate.m */; };
		23F42ED51D069999002503B6 /* ViewController.m in Sources */ = {isa = PBXBuildFile; fileRef = 23F42ED41D069999002503B6 /* ViewController.m */; };
		23F42ED81D069999002503B6 /* Main.storyboard in Resources */ = {isa = PBXBuildFile; fileRef = 23F42ED61D069999002503B6 /* Main.storyboard */; };
		23F42EDA1D069999002503B6 /* Assets.xcassets in Resources */ = {isa = PBXBuildFile; fileRef = 23F42ED91D069999002503B6 /* Assets.xcassets */; };
		23F42EDD1D069999002503B6 /* LaunchScreen.storyboard in Resources */ = {isa = PBXBuildFile; fileRef = 23F42EDB1D069999002503B6 /* LaunchScreen.storyboard */; };
		23F42EE81D069999002503B6 /* PullAndDownDemo2Tests.m in Sources */ = {isa = PBXBuildFile; fileRef = 23F42EE71D069999002503B6 /* PullAndDownDemo2Tests.m */; };
		23F42EF31D069999002503B6 /* PullAndDownDemo2UITests.m in Sources */ = {isa = PBXBuildFile; fileRef = 23F42EF21D069999002503B6 /* PullAndDownDemo2UITests.m */; };
		23F42F2D1D06A976002503B6 /* MJRefreshAutoFooter.m in Sources */ = {isa = PBXBuildFile; fileRef = 23F42F031D06A976002503B6 /* MJRefreshAutoFooter.m */; };
		23F42F2E1D06A976002503B6 /* MJRefreshBackFooter.m in Sources */ = {isa = PBXBuildFile; fileRef = 23F42F051D06A976002503B6 /* MJRefreshBackFooter.m */; };
		23F42F2F1D06A976002503B6 /* MJRefreshComponent.m in Sources */ = {isa = PBXBuildFile; fileRef = 23F42F071D06A976002503B6 /* MJRefreshComponent.m */; };
		23F42F301D06A976002503B6 /* MJRefreshFooter.m in Sources */ = {isa = PBXBuildFile; fileRef = 23F42F091D06A976002503B6 /* MJRefreshFooter.m */; };
		23F42F311D06A976002503B6 /* MJRefreshHeader.m in Sources */ = {isa = PBXBuildFile; fileRef = 23F42F0B1D06A976002503B6 /* MJRefreshHeader.m */; };
		23F42F321D06A976002503B6 /* MJRefreshAutoGifFooter.m in Sources */ = {isa = PBXBuildFile; fileRef = 23F42F101D06A976002503B6 /* MJRefreshAutoGifFooter.m */; };
		23F42F331D06A976002503B6 /* MJRefreshAutoNormalFooter.m in Sources */ = {isa = PBXBuildFile; fileRef = 23F42F121D06A976002503B6 /* MJRefreshAutoNormalFooter.m */; };
		23F42F341D06A976002503B6 /* MJRefreshAutoStateFooter.m in Sources */ = {isa = PBXBuildFile; fileRef = 23F42F141D06A976002503B6 /* MJRefreshAutoStateFooter.m */; };
		23F42F351D06A976002503B6 /* MJRefreshBackGifFooter.m in Sources */ = {isa = PBXBuildFile; fileRef = 23F42F171D06A976002503B6 /* MJRefreshBackGifFooter.m */; };
		23F42F361D06A976002503B6 /* MJRefreshBackNormalFooter.m in Sources */ = {isa = PBXBuildFile; fileRef = 23F42F191D06A976002503B6 /* MJRefreshBackNormalFooter.m */; };
		23F42F371D06A976002503B6 /* MJRefreshBackStateFooter.m in Sources */ = {isa = PBXBuildFile; fileRef = 23F42F1B1D06A976002503B6 /* MJRefreshBackStateFooter.m */; };
		23F42F381D06A976002503B6 /* MJRefreshGifHeader.m in Sources */ = {isa = PBXBuildFile; fileRef = 23F42F1E1D06A976002503B6 /* MJRefreshGifHeader.m */; };
		23F42F391D06A976002503B6 /* MJRefreshNormalHeader.m in Sources */ = {isa = PBXBuildFile; fileRef = 23F42F201D06A976002503B6 /* MJRefreshNormalHeader.m */; };
		23F42F3A1D06A976002503B6 /* MJRefreshStateHeader.m in Sources */ = {isa = PBXBuildFile; fileRef = 23F42F221D06A976002503B6 /* MJRefreshStateHeader.m */; };
		23F42F3B1D06A976002503B6 /* MJRefresh.bundle in Resources */ = {isa = PBXBuildFile; fileRef = 23F42F231D06A976002503B6 /* MJRefresh.bundle */; };
		23F42F3C1D06A976002503B6 /* MJRefreshConst.m in Sources */ = {isa = PBXBuildFile; fileRef = 23F42F261D06A976002503B6 /* MJRefreshConst.m */; };
		23F42F3D1D06A976002503B6 /* UIScrollView+MJExtension.m in Sources */ = {isa = PBXBuildFile; fileRef = 23F42F281D06A976002503B6 /* UIScrollView+MJExtension.m */; };
		23F42F3E1D06A976002503B6 /* UIScrollView+MJRefresh.m in Sources */ = {isa = PBXBuildFile; fileRef = 23F42F2A1D06A976002503B6 /* UIScrollView+MJRefresh.m */; };
		23F42F3F1D06A976002503B6 /* UIView+MJExtension.m in Sources */ = {isa = PBXBuildFile; fileRef = 23F42F2C1D06A976002503B6 /* UIView+MJExtension.m */; };
/* End PBXBuildFile section */

/* Begin PBXContainerItemProxy section */
		23F42EE41D069999002503B6 /* PBXContainerItemProxy */ = {
			isa = PBXContainerItemProxy;
			containerPortal = 23F42EC21D069999002503B6 /* Project object */;
			proxyType = 1;
			remoteGlobalIDString = 23F42EC91D069999002503B6;
			remoteInfo = PullAndDownDemo2;
		};
		23F42EEF1D069999002503B6 /* PBXContainerItemProxy */ = {
			isa = PBXContainerItemProxy;
			containerPortal = 23F42EC21D069999002503B6 /* Project object */;
			proxyType = 1;
			remoteGlobalIDString = 23F42EC91D069999002503B6;
			remoteInfo = PullAndDownDemo2;
		};
/* End PBXContainerItemProxy section */

/* Begin PBXFileReference section */
		23F42ECA1D069999002503B6 /* PullAndDownDemo2.app */ = {isa = PBXFileReference; explicitFileType = wrapper.application; includeInIndex = 0; path = PullAndDownDemo2.app; sourceTree = BUILT_PRODUCTS_DIR; };
		23F42ECE1D069999002503B6 /* main.m */ = {isa = PBXFileReference; lastKnownFileType = sourcecode.c.objc; path = main.m; sourceTree = "<group>"; };
		23F42ED01D069999002503B6 /* AppDelegate.h */ = {isa = PBXFileReference; lastKnownFileType = sourcecode.c.h; path = AppDelegate.h; sourceTree = "<group>"; };
		23F42ED11D069999002503B6 /* AppDelegate.m */ = {isa = PBXFileReference; lastKnownFileType = sourcecode.c.objc; path = AppDelegate.m; sourceTree = "<group>"; };
		23F42ED31D069999002503B6 /* ViewController.h */ = {isa = PBXFileReference; lastKnownFileType = sourcecode.c.h; path = ViewController.h; sourceTree = "<group>"; };
		23F42ED41D069999002503B6 /* ViewController.m */ = {isa = PBXFileReference; lastKnownFileType = sourcecode.c.objc; path = ViewController.m; sourceTree = "<group>"; };
		23F42ED71D069999002503B6 /* Base */ = {isa = PBXFileReference; lastKnownFileType = file.storyboard; name = Base; path = Base.lproj/Main.storyboard; sourceTree = "<group>"; };
		23F42ED91D069999002503B6 /* Assets.xcassets */ = {isa = PBXFileReference; lastKnownFileType = folder.assetcatalog; path = Assets.xcassets; sourceTree = "<group>"; };
		23F42EDC1D069999002503B6 /* Base */ = {isa = PBXFileReference; lastKnownFileType = file.storyboard; name = Base; path = Base.lproj/LaunchScreen.storyboard; sourceTree = "<group>"; };
		23F42EDE1D069999002503B6 /* Info.plist */ = {isa = PBXFileReference; lastKnownFileType = text.plist.xml; path = Info.plist; sourceTree = "<group>"; };
		23F42EE31D069999002503B6 /* PullAndDownDemo2Tests.xctest */ = {isa = PBXFileReference; explicitFileType = wrapper.cfbundle; includeInIndex = 0; path = PullAndDownDemo2Tests.xctest; sourceTree = BUILT_PRODUCTS_DIR; };
		23F42EE71D069999002503B6 /* PullAndDownDemo2Tests.m */ = {isa = PBXFileReference; lastKnownFileType = sourcecode.c.objc; path = PullAndDownDemo2Tests.m; sourceTree = "<group>"; };
		23F42EE91D069999002503B6 /* Info.plist */ = {isa = PBXFileReference; lastKnownFileType = text.plist.xml; path = Info.plist; sourceTree = "<group>"; };
		23F42EEE1D069999002503B6 /* PullAndDownDemo2UITests.xctest */ = {isa = PBXFileReference; explicitFileType = wrapper.cfbundle; includeInIndex = 0; path = PullAndDownDemo2UITests.xctest; sourceTree = BUILT_PRODUCTS_DIR; };
		23F42EF21D069999002503B6 /* PullAndDownDemo2UITests.m */ = {isa = PBXFileReference; lastKnownFileType = sourcecode.c.objc; path = PullAndDownDemo2UITests.m; sourceTree = "<group>"; };
		23F42EF41D069999002503B6 /* Info.plist */ = {isa = PBXFileReference; lastKnownFileType = text.plist.xml; path = Info.plist; sourceTree = "<group>"; };
		23F42F021D06A976002503B6 /* MJRefreshAutoFooter.h */ = {isa = PBXFileReference; fileEncoding = 4; lastKnownFileType = sourcecode.c.h; path = MJRefreshAutoFooter.h; sourceTree = "<group>"; };
		23F42F031D06A976002503B6 /* MJRefreshAutoFooter.m */ = {isa = PBXFileReference; fileEncoding = 4; lastKnownFileType = sourcecode.c.objc; path = MJRefreshAutoFooter.m; sourceTree = "<group>"; };
		23F42F041D06A976002503B6 /* MJRefreshBackFooter.h */ = {isa = PBXFileReference; fileEncoding = 4; lastKnownFileType = sourcecode.c.h; path = MJRefreshBackFooter.h; sourceTree = "<group>"; };
		23F42F051D06A976002503B6 /* MJRefreshBackFooter.m */ = {isa = PBXFileReference; fileEncoding = 4; lastKnownFileType = sourcecode.c.objc; path = MJRefreshBackFooter.m; sourceTree = "<group>"; };
		23F42F061D06A976002503B6 /* MJRefreshComponent.h */ = {isa = PBXFileReference; fileEncoding = 4; lastKnownFileType = sourcecode.c.h; path = MJRefreshComponent.h; sourceTree = "<group>"; };
		23F42F071D06A976002503B6 /* MJRefreshComponent.m */ = {isa = PBXFileReference; fileEncoding = 4; lastKnownFileType = sourcecode.c.objc; path = MJRefreshComponent.m; sourceTree = "<group>"; };
		23F42F081D06A976002503B6 /* MJRefreshFooter.h */ = {isa = PBXFileReference; fileEncoding = 4; lastKnownFileType = sourcecode.c.h; path = MJRefreshFooter.h; sourceTree = "<group>"; };
		23F42F091D06A976002503B6 /* MJRefreshFooter.m */ = {isa = PBXFileReference; fileEncoding = 4; lastKnownFileType = sourcecode.c.objc; path = MJRefreshFooter.m; sourceTree = "<group>"; };
		23F42F0A1D06A976002503B6 /* MJRefreshHeader.h */ = {isa = PBXFileReference; fileEncoding = 4; lastKnownFileType = sourcecode.c.h; path = MJRefreshHeader.h; sourceTree = "<group>"; };
		23F42F0B1D06A976002503B6 /* MJRefreshHeader.m */ = {isa = PBXFileReference; fileEncoding = 4; lastKnownFileType = sourcecode.c.objc; path = MJRefreshHeader.m; sourceTree = "<group>"; };
		23F42F0F1D06A976002503B6 /* MJRefreshAutoGifFooter.h */ = {isa = PBXFileReference; fileEncoding = 4; lastKnownFileType = sourcecode.c.h; path = MJRefreshAutoGifFooter.h; sourceTree = "<group>"; };
		23F42F101D06A976002503B6 /* MJRefreshAutoGifFooter.m */ = {isa = PBXFileReference; fileEncoding = 4; lastKnownFileType = sourcecode.c.objc; path = MJRefreshAutoGifFooter.m; sourceTree = "<group>"; };
		23F42F111D06A976002503B6 /* MJRefreshAutoNormalFooter.h */ = {isa = PBXFileReference; fileEncoding = 4; lastKnownFileType = sourcecode.c.h; path = MJRefreshAutoNormalFooter.h; sourceTree = "<group>"; };
		23F42F121D06A976002503B6 /* MJRefreshAutoNormalFooter.m */ = {isa = PBXFileReference; fileEncoding = 4; lastKnownFileType = sourcecode.c.objc; path = MJRefreshAutoNormalFooter.m; sourceTree = "<group>"; };
		23F42F131D06A976002503B6 /* MJRefreshAutoStateFooter.h */ = {isa = PBXFileReference; fileEncoding = 4; lastKnownFileType = sourcecode.c.h; path = MJRefreshAutoStateFooter.h; sourceTree = "<group>"; };
		23F42F141D06A976002503B6 /* MJRefreshAutoStateFooter.m */ = {isa = PBXFileReference; fileEncoding = 4; lastKnownFileType = sourcecode.c.objc; path = MJRefreshAutoStateFooter.m; sourceTree = "<group>"; };
		23F42F161D06A976002503B6 /* MJRefreshBackGifFooter.h */ = {isa = PBXFileReference; fileEncoding = 4; lastKnownFileType = sourcecode.c.h; path = MJRefreshBackGifFooter.h; sourceTree = "<group>"; };
		23F42F171D06A976002503B6 /* MJRefreshBackGifFooter.m */ = {isa = PBXFileReference; fileEncoding = 4; lastKnownFileType = sourcecode.c.objc; path = MJRefreshBackGifFooter.m; sourceTree = "<group>"; };
		23F42F181D06A976002503B6 /* MJRefreshBackNormalFooter.h */ = {isa = PBXFileReference; fileEncoding = 4; lastKnownFileType = sourcecode.c.h; path = MJRefreshBackNormalFooter.h; sourceTree = "<group>"; };
		23F42F191D06A976002503B6 /* MJRefreshBackNormalFooter.m */ = {isa = PBXFileReference; fileEncoding = 4; lastKnownFileType = sourcecode.c.objc; path = MJRefreshBackNormalFooter.m; sourceTree = "<group>"; };
		23F42F1A1D06A976002503B6 /* MJRefreshBackStateFooter.h */ = {isa = PBXFileReference; fileEncoding = 4; lastKnownFileType = sourcecode.c.h; path = MJRefreshBackStateFooter.h; sourceTree = "<group>"; };
		23F42F1B1D06A976002503B6 /* MJRefreshBackStateFooter.m */ = {isa = PBXFileReference; fileEncoding = 4; lastKnownFileType = sourcecode.c.objc; path = MJRefreshBackStateFooter.m; sourceTree = "<group>"; };
		23F42F1D1D06A976002503B6 /* MJRefreshGifHeader.h */ = {isa = PBXFileReference; fileEncoding = 4; lastKnownFileType = sourcecode.c.h; path = MJRefreshGifHeader.h; sourceTree = "<group>"; };
		23F42F1E1D06A976002503B6 /* MJRefreshGifHeader.m */ = {isa = PBXFileReference; fileEncoding = 4; lastKnownFileType = sourcecode.c.objc; path = MJRefreshGifHeader.m; sourceTree = "<group>"; };
		23F42F1F1D06A976002503B6 /* MJRefreshNormalHeader.h */ = {isa = PBXFileReference; fileEncoding = 4; lastKnownFileType = sourcecode.c.h; path = MJRefreshNormalHeader.h; sourceTree = "<group>"; };
		23F42F201D06A976002503B6 /* MJRefreshNormalHeader.m */ = {isa = PBXFileReference; fileEncoding = 4; lastKnownFileType = sourcecode.c.objc; path = MJRefreshNormalHeader.m; sourceTree = "<group>"; };
		23F42F211D06A976002503B6 /* MJRefreshStateHeader.h */ = {isa = PBXFileReference; fileEncoding = 4; lastKnownFileType = sourcecode.c.h; path = MJRefreshStateHeader.h; sourceTree = "<group>"; };
		23F42F221D06A976002503B6 /* MJRefreshStateHeader.m */ = {isa = PBXFileReference; fileEncoding = 4; lastKnownFileType = sourcecode.c.objc; path = MJRefreshStateHeader.m; sourceTree = "<group>"; };
		23F42F231D06A976002503B6 /* MJRefresh.bundle */ = {isa = PBXFileReference; lastKnownFileType = "wrapper.plug-in"; path = MJRefresh.bundle; sourceTree = "<group>"; };
		23F42F241D06A976002503B6 /* MJRefresh.h */ = {isa = PBXFileReference; fileEncoding = 4; lastKnownFileType = sourcecode.c.h; path = MJRefresh.h; sourceTree = "<group>"; };
		23F42F251D06A976002503B6 /* MJRefreshConst.h */ = {isa = PBXFileReference; fileEncoding = 4; lastKnownFileType = sourcecode.c.h; path = MJRefreshConst.h; sourceTree = "<group>"; };
		23F42F261D06A976002503B6 /* MJRefreshConst.m */ = {isa = PBXFileReference; fileEncoding = 4; lastKnownFileType = sourcecode.c.objc; path = MJRefreshConst.m; sourceTree = "<group>"; };
		23F42F271D06A976002503B6 /* UIScrollView+MJExtension.h */ = {isa = PBXFileReference; fileEncoding = 4; lastKnownFileType = sourcecode.c.h; path = "UIScrollView+MJExtension.h"; sourceTree = "<group>"; };
		23F42F281D06A976002503B6 /* UIScrollView+MJExtension.m */ = {isa = PBXFileReference; fileEncoding = 4; lastKnownFileType = sourcecode.c.objc; path = "UIScrollView+MJExtension.m"; sourceTree = "<group>"; };
		23F42F291D06A976002503B6 /* UIScrollView+MJRefresh.h */ = {isa = PBXFileReference; fileEncoding = 4; lastKnownFileType = sourcecode.c.h; path = "UIScrollView+MJRefresh.h"; sourceTree = "<group>"; };
		23F42F2A1D06A976002503B6 /* UIScrollView+MJRefresh.m */ = {isa = PBXFileReference; fileEncoding = 4; lastKnownFileType = sourcecode.c.objc; path = "UIScrollView+MJRefresh.m"; sourceTree = "<group>"; };
		23F42F2B1D06A976002503B6 /* UIView+MJExtension.h */ = {isa = PBXFileReference; fileEncoding = 4; lastKnownFileType = sourcecode.c.h; path = "UIView+MJExtension.h"; sourceTree = "<group>"; };
		23F42F2C1D06A976002503B6 /* UIView+MJExtension.m */ = {isa = PBXFileReference; fileEncoding = 4; lastKnownFileType = sourcecode.c.objc; path = "UIView+MJExtension.m"; sourceTree = "<group>"; };
/* End PBXFileReference section */

/* Begin PBXFrameworksBuildPhase section */
		23F42EC71D069999002503B6 /* Frameworks */ = {
			isa = PBXFrameworksBuildPhase;
			buildActionMask = 2147483647;
			files = (
			);
			runOnlyForDeploymentPostprocessing = 0;
		};
		23F42EE01D069999002503B6 /* Frameworks */ = {
			isa = PBXFrameworksBuildPhase;
			buildActionMask = 2147483647;
			files = (
			);
			runOnlyForDeploymentPostprocessing = 0;
		};
		23F42EEB1D069999002503B6 /* Frameworks */ = {
			isa = PBXFrameworksBuildPhase;
			buildActionMask = 2147483647;
			files = (
			);
			runOnlyForDeploymentPostprocessing = 0;
		};
/* End PBXFrameworksBuildPhase section */

/* Begin PBXGroup section */
		23F42EC11D069999002503B6 = {
			isa = PBXGroup;
			children = (
				23F42ECC1D069999002503B6 /* PullAndDownDemo2 */,
				23F42EE61D069999002503B6 /* PullAndDownDemo2Tests */,
				23F42EF11D069999002503B6 /* PullAndDownDemo2UITests */,
				23F42ECB1D069999002503B6 /* Products */,
			);
			sourceTree = "<group>";
		};
		23F42ECB1D069999002503B6 /* Products */ = {
			isa = PBXGroup;
			children = (
				23F42ECA1D069999002503B6 /* PullAndDownDemo2.app */,
				23F42EE31D069999002503B6 /* PullAndDownDemo2Tests.xctest */,
				23F42EEE1D069999002503B6 /* PullAndDownDemo2UITests.xctest */,
			);
			name = Products;
			sourceTree = "<group>";
		};
		23F42ECC1D069999002503B6 /* PullAndDownDemo2 */ = {
			isa = PBXGroup;
			children = (
				23F42F001D06A976002503B6 /* MJRefresh */,
				23F42ED01D069999002503B6 /* AppDelegate.h */,
				23F42ED11D069999002503B6 /* AppDelegate.m */,
				23F42ED31D069999002503B6 /* ViewController.h */,
				23F42ED41D069999002503B6 /* ViewController.m */,
				23F42ED61D069999002503B6 /* Main.storyboard */,
				23F42ED91D069999002503B6 /* Assets.xcassets */,
				23F42EDB1D069999002503B6 /* LaunchScreen.storyboard */,
				23F42EDE1D069999002503B6 /* Info.plist */,
				23F42ECD1D069999002503B6 /* Supporting Files */,
			);
			path = PullAndDownDemo2;
			sourceTree = "<group>";
		};
		23F42ECD1D069999002503B6 /* Supporting Files */ = {
			isa = PBXGroup;
			children = (
				23F42ECE1D069999002503B6 /* main.m */,
			);
			name = "Supporting Files";
			sourceTree = "<group>";
		};
		23F42EE61D069999002503B6 /* PullAndDownDemo2Tests */ = {
			isa = PBXGroup;
			children = (
				23F42EE71D069999002503B6 /* PullAndDownDemo2Tests.m */,
				23F42EE91D069999002503B6 /* Info.plist */,
			);
			path = PullAndDownDemo2Tests;
			sourceTree = "<group>";
		};
		23F42EF11D069999002503B6 /* PullAndDownDemo2UITests */ = {
			isa = PBXGroup;
			children = (
				23F42EF21D069999002503B6 /* PullAndDownDemo2UITests.m */,
				23F42EF41D069999002503B6 /* Info.plist */,
			);
			path = PullAndDownDemo2UITests;
			sourceTree = "<group>";
		};
		23F42F001D06A976002503B6 /* MJRefresh */ = {
			isa = PBXGroup;
			children = (
				23F42F011D06A976002503B6 /* Base */,
				23F42F0C1D06A976002503B6 /* Custom */,
				23F42F231D06A976002503B6 /* MJRefresh.bundle */,
				23F42F241D06A976002503B6 /* MJRefresh.h */,
				23F42F251D06A976002503B6 /* MJRefreshConst.h */,
				23F42F261D06A976002503B6 /* MJRefreshConst.m */,
				23F42F271D06A976002503B6 /* UIScrollView+MJExtension.h */,
				23F42F281D06A976002503B6 /* UIScrollView+MJExtension.m */,
				23F42F291D06A976002503B6 /* UIScrollView+MJRefresh.h */,
				23F42F2A1D06A976002503B6 /* UIScrollView+MJRefresh.m */,
				23F42F2B1D06A976002503B6 /* UIView+MJExtension.h */,
				23F42F2C1D06A976002503B6 /* UIView+MJExtension.m */,
			);
			path = MJRefresh;
			sourceTree = "<group>";
		};
		23F42F011D06A976002503B6 /* Base */ = {
			isa = PBXGroup;
			children = (
				23F42F021D06A976002503B6 /* MJRefreshAutoFooter.h */,
				23F42F031D06A976002503B6 /* MJRefreshAutoFooter.m */,
				23F42F041D06A976002503B6 /* MJRefreshBackFooter.h */,
				23F42F051D06A976002503B6 /* MJRefreshBackFooter.m */,
				23F42F061D06A976002503B6 /* MJRefreshComponent.h */,
				23F42F071D06A976002503B6 /* MJRefreshComponent.m */,
				23F42F081D06A976002503B6 /* MJRefreshFooter.h */,
				23F42F091D06A976002503B6 /* MJRefreshFooter.m */,
				23F42F0A1D06A976002503B6 /* MJRefreshHeader.h */,
				23F42F0B1D06A976002503B6 /* MJRefreshHeader.m */,
			);
			path = Base;
			sourceTree = "<group>";
		};
		23F42F0C1D06A976002503B6 /* Custom */ = {
			isa = PBXGroup;
			children = (
				23F42F0D1D06A976002503B6 /* Footer */,
				23F42F1C1D06A976002503B6 /* Header */,
			);
			path = Custom;
			sourceTree = "<group>";
		};
		23F42F0D1D06A976002503B6 /* Footer */ = {
			isa = PBXGroup;
			children = (
				23F42F0E1D06A976002503B6 /* Auto */,
				23F42F151D06A976002503B6 /* Back */,
			);
			path = Footer;
			sourceTree = "<group>";
		};
		23F42F0E1D06A976002503B6 /* Auto */ = {
			isa = PBXGroup;
			children = (
				23F42F0F1D06A976002503B6 /* MJRefreshAutoGifFooter.h */,
				23F42F101D06A976002503B6 /* MJRefreshAutoGifFooter.m */,
				23F42F111D06A976002503B6 /* MJRefreshAutoNormalFooter.h */,
				23F42F121D06A976002503B6 /* MJRefreshAutoNormalFooter.m */,
				23F42F131D06A976002503B6 /* MJRefreshAutoStateFooter.h */,
				23F42F141D06A976002503B6 /* MJRefreshAutoStateFooter.m */,
			);
			path = Auto;
			sourceTree = "<group>";
		};
		23F42F151D06A976002503B6 /* Back */ = {
			isa = PBXGroup;
			children = (
				23F42F161D06A976002503B6 /* MJRefreshBackGifFooter.h */,
				23F42F171D06A976002503B6 /* MJRefreshBackGifFooter.m */,
				23F42F181D06A976002503B6 /* MJRefreshBackNormalFooter.h */,
				23F42F191D06A976002503B6 /* MJRefreshBackNormalFooter.m */,
				23F42F1A1D06A976002503B6 /* MJRefreshBackStateFooter.h */,
				23F42F1B1D06A976002503B6 /* MJRefreshBackStateFooter.m */,
			);
			path = Back;
			sourceTree = "<group>";
		};
		23F42F1C1D06A976002503B6 /* Header */ = {
			isa = PBXGroup;
			children = (
				23F42F1D1D06A976002503B6 /* MJRefreshGifHeader.h */,
				23F42F1E1D06A976002503B6 /* MJRefreshGifHeader.m */,
				23F42F1F1D06A976002503B6 /* MJRefreshNormalHeader.h */,
				23F42F201D06A976002503B6 /* MJRefreshNormalHeader.m */,
				23F42F211D06A976002503B6 /* MJRefreshStateHeader.h */,
				23F42F221D06A976002503B6 /* MJRefreshStateHeader.m */,
			);
			path = Header;
			sourceTree = "<group>";
		};
/* End PBXGroup section */

/* Begin PBXNativeTarget section */
		23F42EC91D069999002503B6 /* PullAndDownDemo2 */ = {
			isa = PBXNativeTarget;
			buildConfigurationList = 23F42EF71D069999002503B6 /* Build configuration list for PBXNativeTarget "PullAndDownDemo2" */;
			buildPhases = (
				23F42EC61D069999002503B6 /* Sources */,
				23F42EC71D069999002503B6 /* Frameworks */,
				23F42EC81D069999002503B6 /* Resources */,
			);
			buildRules = (
			);
			dependencies = (
			);
			name = PullAndDownDemo2;
			productName = PullAndDownDemo2;
			productReference = 23F42ECA1D069999002503B6 /* PullAndDownDemo2.app */;
			productType = "com.apple.product-type.application";
		};
		23F42EE21D069999002503B6 /* PullAndDownDemo2Tests */ = {
			isa = PBXNativeTarget;
			buildConfigurationList = 23F42EFA1D069999002503B6 /* Build configuration list for PBXNativeTarget "PullAndDownDemo2Tests" */;
			buildPhases = (
				23F42EDF1D069999002503B6 /* Sources */,
				23F42EE01D069999002503B6 /* Frameworks */,
				23F42EE11D069999002503B6 /* Resources */,
			);
			buildRules = (
			);
			dependencies = (
				23F42EE51D069999002503B6 /* PBXTargetDependency */,
			);
			name = PullAndDownDemo2Tests;
			productName = PullAndDownDemo2Tests;
			productReference = 23F42EE31D069999002503B6 /* PullAndDownDemo2Tests.xctest */;
			productType = "com.apple.product-type.bundle.unit-test";
		};
		23F42EED1D069999002503B6 /* PullAndDownDemo2UITests */ = {
			isa = PBXNativeTarget;
			buildConfigurationList = 23F42EFD1D069999002503B6 /* Build configuration list for PBXNativeTarget "PullAndDownDemo2UITests" */;
			buildPhases = (
				23F42EEA1D069999002503B6 /* Sources */,
				23F42EEB1D069999002503B6 /* Frameworks */,
				23F42EEC1D069999002503B6 /* Resources */,
			);
			buildRules = (
			);
			dependencies = (
				23F42EF01D069999002503B6 /* PBXTargetDependency */,
			);
			name = PullAndDownDemo2UITests;
			productName = PullAndDownDemo2UITests;
			productReference = 23F42EEE1D069999002503B6 /* PullAndDownDemo2UITests.xctest */;
			productType = "com.apple.product-type.bundle.ui-testing";
		};
/* End PBXNativeTarget section */

/* Begin PBXProject section */
		23F42EC21D069999002503B6 /* Project object */ = {
			isa = PBXProject;
			attributes = {
				LastUpgradeCheck = 0730;
				ORGANIZATIONNAME = junanxin;
				TargetAttributes = {
					23F42EC91D069999002503B6 = {
						CreatedOnToolsVersion = 7.3.1;
					};
					23F42EE21D069999002503B6 = {
						CreatedOnToolsVersion = 7.3.1;
						TestTargetID = 23F42EC91D069999002503B6;
					};
					23F42EED1D069999002503B6 = {
						CreatedOnToolsVersion = 7.3.1;
						TestTargetID = 23F42EC91D069999002503B6;
					};
				};
			};
			buildConfigurationList = 23F42EC51D069999002503B6 /* Build configuration list for PBXProject "PullAndDownDemo2" */;
			compatibilityVersion = "Xcode 3.2";
			developmentRegion = English;
			hasScannedForEncodings = 0;
			knownRegions = (
				en,
				Base,
			);
			mainGroup = 23F42EC11D069999002503B6;
			productRefGroup = 23F42ECB1D069999002503B6 /* Products */;
			projectDirPath = "";
			projectRoot = "";
			targets = (
				23F42EC91D069999002503B6 /* PullAndDownDemo2 */,
				23F42EE21D069999002503B6 /* PullAndDownDemo2Tests */,
				23F42EED1D069999002503B6 /* PullAndDownDemo2UITests */,
			);
		};
/* End PBXProject section */

/* Begin PBXResourcesBuildPhase section */
		23F42EC81D069999002503B6 /* Resources */ = {
			isa = PBXResourcesBuildPhase;
			buildActionMask = 2147483647;
			files = (
				23F42EDD1D069999002503B6 /* LaunchScreen.storyboard in Resources */,
				23F42EDA1D069999002503B6 /* Assets.xcassets in Resources */,
				23F42F3B1D06A976002503B6 /* MJRefresh.bundle in Resources */,
				23F42ED81D069999002503B6 /* Main.storyboard in Resources */,
			);
			runOnlyForDeploymentPostprocessing = 0;
		};
		23F42EE11D069999002503B6 /* Resources */ = {
			isa = PBXResourcesBuildPhase;
			buildActionMask = 2147483647;
			files = (
			);
			runOnlyForDeploymentPostprocessing = 0;
		};
		23F42EEC1D069999002503B6 /* Resources */ = {
			isa = PBXResourcesBuildPhase;
			buildActionMask = 2147483647;
			files = (
			);
			runOnlyForDeploymentPostprocessing = 0;
		};
/* End PBXResourcesBuildPhase section */

/* Begin PBXSourcesBuildPhase section */
		23F42EC61D069999002503B6 /* Sources */ = {
			isa = PBXSourcesBuildPhase;
			buildActionMask = 2147483647;
			files = (
				23F42ED51D069999002503B6 /* ViewController.m in Sources */,
				23F42F331D06A976002503B6 /* MJRefreshAutoNormalFooter.m in Sources */,
				23F42F321D06A976002503B6 /* MJRefreshAutoGifFooter.m in Sources */,
				23F42F381D06A976002503B6 /* MJRefreshGifHeader.m in Sources */,
				23F42ED21D069999002503B6 /* AppDelegate.m in Sources */,
				23F42F2F1D06A976002503B6 /* MJRefreshComponent.m in Sources */,
				23F42F311D06A976002503B6 /* MJRefreshHeader.m in Sources */,
				23F42F371D06A976002503B6 /* MJRefreshBackStateFooter.m in Sources */,
				23F42F3E1D06A976002503B6 /* UIScrollView+MJRefresh.m in Sources */,
				23F42F3D1D06A976002503B6 /* UIScrollView+MJExtension.m in Sources */,
				23F42F3F1D06A976002503B6 /* UIView+MJExtension.m in Sources */,
				23F42F2D1D06A976002503B6 /* MJRefreshAutoFooter.m in Sources */,
				23F42F351D06A976002503B6 /* MJRefreshBackGifFooter.m in Sources */,
				23F42F391D06A976002503B6 /* MJRefreshNormalHeader.m in Sources */,
				23F42F341D06A976002503B6 /* MJRefreshAutoStateFooter.m in Sources */,
				23F42F2E1D06A976002503B6 /* MJRefreshBackFooter.m in Sources */,
				23F42ECF1D069999002503B6 /* main.m in Sources */,
				23F42F3C1D06A976002503B6 /* MJRefreshConst.m in Sources */,
				23F42F361D06A976002503B6 /* MJRefreshBackNormalFooter.m in Sources */,
				23F42F3A1D06A976002503B6 /* MJRefreshStateHeader.m in Sources */,
				23F42F301D06A976002503B6 /* MJRefreshFooter.m in Sources */,
			);
			runOnlyForDeploymentPostprocessing = 0;
		};
		23F42EDF1D069999002503B6 /* Sources */ = {
			isa = PBXSourcesBuildPhase;
			buildActionMask = 2147483647;
			files = (
				23F42EE81D069999002503B6 /* PullAndDownDemo2Tests.m in Sources */,
			);
			runOnlyForDeploymentPostprocessing = 0;
		};
		23F42EEA1D069999002503B6 /* Sources */ = {
			isa = PBXSourcesBuildPhase;
			buildActionMask = 2147483647;
			files = (
				23F42EF31D069999002503B6 /* PullAndDownDemo2UITests.m in Sources */,
			);
			runOnlyForDeploymentPostprocessing = 0;
		};
/* End PBXSourcesBuildPhase section */

/* Begin PBXTargetDependency section */
		23F42EE51D069999002503B6 /* PBXTargetDependency */ = {
			isa = PBXTargetDependency;
			target = 23F42EC91D069999002503B6 /* PullAndDownDemo2 */;
			targetProxy = 23F42EE41D069999002503B6 /* PBXContainerItemProxy */;
		};
		23F42EF01D069999002503B6 /* PBXTargetDependency */ = {
			isa = PBXTargetDependency;
			target = 23F42EC91D069999002503B6 /* PullAndDownDemo2 */;
			targetProxy = 23F42EEF1D069999002503B6 /* PBXContainerItemProxy */;
		};
/* End PBXTargetDependency section */

/* Begin PBXVariantGroup section */
		23F42ED61D069999002503B6 /* Main.storyboard */ = {
			isa = PBXVariantGroup;
			children = (
				23F42ED71D069999002503B6 /* Base */,
			);
			name = Main.storyboard;
			sourceTree = "<group>";
		};
		23F42EDB1D069999002503B6 /* LaunchScreen.storyboard */ = {
			isa = PBXVariantGroup;
			children = (
				23F42EDC1D069999002503B6 /* Base */,
			);
			name = LaunchScreen.storyboard;
			sourceTree = "<group>";
		};
/* End PBXVariantGroup section */

/* Begin XCBuildConfiguration section */
		23F42EF51D069999002503B6 /* Debug */ = {
			isa = XCBuildConfiguration;
			buildSettings = {
				ALWAYS_SEARCH_USER_PATHS = NO;
				CLANG_ANALYZER_NONNULL = YES;
				CLANG_CXX_LANGUAGE_STANDARD = "gnu++0x";
				CLANG_CXX_LIBRARY = "libc++";
				CLANG_ENABLE_MODULES = YES;
				CLANG_ENABLE_OBJC_ARC = YES;
				CLANG_WARN_BOOL_CONVERSION = YES;
				CLANG_WARN_CONSTANT_CONVERSION = YES;
				CLANG_WARN_DIRECT_OBJC_ISA_USAGE = YES_ERROR;
				CLANG_WARN_EMPTY_BODY = YES;
				CLANG_WARN_ENUM_CONVERSION = YES;
				CLANG_WARN_INT_CONVERSION = YES;
				CLANG_WARN_OBJC_ROOT_CLASS = YES_ERROR;
				CLANG_WARN_UNREACHABLE_CODE = YES;
				CLANG_WARN__DUPLICATE_METHOD_MATCH = YES;
				"CODE_SIGN_IDENTITY[sdk=iphoneos*]" = "iPhone Developer";
				COPY_PHASE_STRIP = NO;
				DEBUG_INFORMATION_FORMAT = dwarf;
				ENABLE_STRICT_OBJC_MSGSEND = YES;
				ENABLE_TESTABILITY = YES;
				GCC_C_LANGUAGE_STANDARD = gnu99;
				GCC_DYNAMIC_NO_PIC = NO;
				GCC_NO_COMMON_BLOCKS = YES;
				GCC_OPTIMIZATION_LEVEL = 0;
				GCC_PREPROCESSOR_DEFINITIONS = (
					"DEBUG=1",
					"$(inherited)",
				);
				GCC_WARN_64_TO_32_BIT_CONVERSION = YES;
				GCC_WARN_ABOUT_RETURN_TYPE = YES_ERROR;
				GCC_WARN_UNDECLARED_SELECTOR = YES;
				GCC_WARN_UNINITIALIZED_AUTOS = YES_AGGRESSIVE;
				GCC_WARN_UNUSED_FUNCTION = YES;
				GCC_WARN_UNUSED_VARIABLE = YES;
				IPHONEOS_DEPLOYMENT_TARGET = 9.3;
				MTL_ENABLE_DEBUG_INFO = YES;
				ONLY_ACTIVE_ARCH = YES;
				SDKROOT = iphoneos;
				TARGETED_DEVICE_FAMILY = "1,2";
			};
			name = Debug;
		};
		23F42EF61D069999002503B6 /* Release */ = {
			isa = XCBuildConfiguration;
			buildSettings = {
				ALWAYS_SEARCH_USER_PATHS = NO;
				CLANG_ANALYZER_NONNULL = YES;
				CLANG_CXX_LANGUAGE_STANDARD = "gnu++0x";
				CLANG_CXX_LIBRARY = "libc++";
				CLANG_ENABLE_MODULES = YES;
				CLANG_ENABLE_OBJC_ARC = YES;
				CLANG_WARN_BOOL_CONVERSION = YES;
				CLANG_WARN_CONSTANT_CONVERSION = YES;
				CLANG_WARN_DIRECT_OBJC_ISA_USAGE = YES_ERROR;
				CLANG_WARN_EMPTY_BODY = YES;
				CLANG_WARN_ENUM_CONVERSION = YES;
				CLANG_WARN_INT_CONVERSION = YES;
				CLANG_WARN_OBJC_ROOT_CLASS = YES_ERROR;
				CLANG_WARN_UNREACHABLE_CODE = YES;
				CLANG_WARN__DUPLICATE_METHOD_MATCH = YES;
				"CODE_SIGN_IDENTITY[sdk=iphoneos*]" = "iPhone Developer";
				COPY_PHASE_STRIP = NO;
				DEBUG_INFORMATION_FORMAT = "dwarf-with-dsym";
				ENABLE_NS_ASSERTIONS = NO;
				ENABLE_STRICT_OBJC_MSGSEND = YES;
				GCC_C_LANGUAGE_STANDARD = gnu99;
				GCC_NO_COMMON_BLOCKS = YES;
				GCC_WARN_64_TO_32_BIT_CONVERSION = YES;
				GCC_WARN_ABOUT_RETURN_TYPE = YES_ERROR;
				GCC_WARN_UNDECLARED_SELECTOR = YES;
				GCC_WARN_UNINITIALIZED_AUTOS = YES_AGGRESSIVE;
				GCC_WARN_UNUSED_FUNCTION = YES;
				GCC_WARN_UNUSED_VARIABLE = YES;
				IPHONEOS_DEPLOYMENT_TARGET = 9.3;
				MTL_ENABLE_DEBUG_INFO = NO;
				SDKROOT = iphoneos;
				TARGETED_DEVICE_FAMILY = "1,2";
				VALIDATE_PRODUCT = YES;
			};
			name = Release;
		};
		23F42EF81D069999002503B6 /* Debug */ = {
			isa = XCBuildConfiguration;
			buildSettings = {
				ASSETCATALOG_COMPILER_APPICON_NAME = AppIcon;
				INFOPLIST_FILE = PullAndDownDemo2/Info.plist;
				LD_RUNPATH_SEARCH_PATHS = "$(inherited) @executable_path/Frameworks";
				PRODUCT_BUNDLE_IDENTIFIER = com.junanxin.PullAndDownDemo2;
				PRODUCT_NAME = "$(TARGET_NAME)";
			};
			name = Debug;
		};
		23F42EF91D069999002503B6 /* Release */ = {
			isa = XCBuildConfiguration;
			buildSettings = {
				ASSETCATALOG_COMPILER_APPICON_NAME = AppIcon;
				INFOPLIST_FILE = PullAndDownDemo2/Info.plist;
				LD_RUNPATH_SEARCH_PATHS = "$(inherited) @executable_path/Frameworks";
				PRODUCT_BUNDLE_IDENTIFIER = com.junanxin.PullAndDownDemo2;
				PRODUCT_NAME = "$(TARGET_NAME)";
			};
			name = Release;
		};
		23F42EFB1D069999002503B6 /* Debug */ = {
			isa = XCBuildConfiguration;
			buildSettings = {
				BUNDLE_LOADER = "$(TEST_HOST)";
				INFOPLIST_FILE = PullAndDownDemo2Tests/Info.plist;
				LD_RUNPATH_SEARCH_PATHS = "$(inherited) @executable_path/Frameworks @loader_path/Frameworks";
				PRODUCT_BUNDLE_IDENTIFIER = com.junanxin.PullAndDownDemo2Tests;
				PRODUCT_NAME = "$(TARGET_NAME)";
				TEST_HOST = "$(BUILT_PRODUCTS_DIR)/PullAndDownDemo2.app/PullAndDownDemo2";
			};
			name = Debug;
		};
		23F42EFC1D069999002503B6 /* Release */ = {
			isa = XCBuildConfiguration;
			buildSettings = {
				BUNDLE_LOADER = "$(TEST_HOST)";
				INFOPLIST_FILE = PullAndDownDemo2Tests/Info.plist;
				LD_RUNPATH_SEARCH_PATHS = "$(inherited) @executable_path/Frameworks @loader_path/Frameworks";
				PRODUCT_BUNDLE_IDENTIFIER = com.junanxin.PullAndDownDemo2Tests;
				PRODUCT_NAME = "$(TARGET_NAME)";
				TEST_HOST = "$(BUILT_PRODUCTS_DIR)/PullAndDownDemo2.app/PullAndDownDemo2";
			};
			name = Release;
		};
		23F42EFE1D069999002503B6 /* Debug */ = {
			isa = XCBuildConfiguration;
			buildSettings = {
				INFOPLIST_FILE = PullAndDownDemo2UITests/Info.plist;
				LD_RUNPATH_SEARCH_PATHS = "$(inherited) @executable_path/Frameworks @loader_path/Frameworks";
				PRODUCT_BUNDLE_IDENTIFIER = com.junanxin.PullAndDownDemo2UITests;
				PRODUCT_NAME = "$(TARGET_NAME)";
				TEST_TARGET_NAME = PullAndDownDemo2;
			};
			name = Debug;
		};
		23F42EFF1D069999002503B6 /* Release */ = {
			isa = XCBuildConfiguration;
			buildSettings = {
				INFOPLIST_FILE = PullAndDownDemo2UITests/Info.plist;
				LD_RUNPATH_SEARCH_PATHS = "$(inherited) @executable_path/Frameworks @loader_path/Frameworks";
				PRODUCT_BUNDLE_IDENTIFIER = com.junanxin.PullAndDownDemo2UITests;
				PRODUCT_NAME = "$(TARGET_NAME)";
				TEST_TARGET_NAME = PullAndDownDemo2;
			};
			name = Release;
		};
/* End XCBuildConfiguration section */

/* Begin XCConfigurationList section */
		23F42EC51D069999002503B6 /* Build configuration list for PBXProject "PullAndDownDemo2" */ = {
			isa = XCConfigurationList;
			buildConfigurations = (
				23F42EF51D069999002503B6 /* Debug */,
				23F42EF61D069999002503B6 /* Release */,
			);
			defaultConfigurationIsVisible = 0;
			defaultConfigurationName = Release;
		};
		23F42EF71D069999002503B6 /* Build configuration list for PBXNativeTarget "PullAndDownDemo2" */ = {
			isa = XCConfigurationList;
			buildConfigurations = (
				23F42EF81D069999002503B6 /* Debug */,
				23F42EF91D069999002503B6 /* Release */,
			);
			defaultConfigurationIsVisible = 0;
		};
		23F42EFA1D069999002503B6 /* Build configuration list for PBXNativeTarget "PullAndDownDemo2Tests" */ = {
			isa = XCConfigurationList;
			buildConfigurations = (
				23F42EFB1D069999002503B6 /* Debug */,
				23F42EFC1D069999002503B6 /* Release */,
			);
			defaultConfigurationIsVisible = 0;
		};
		23F42EFD1D069999002503B6 /* Build configuration list for PBXNativeTarget "PullAndDownDemo2UITests" */ = {
			isa = XCConfigurationList;
			buildConfigurations = (
				23F42EFE1D069999002503B6 /* Debug */,
				23F42EFF1D069999002503B6 /* Release */,
			);
			defaultConfigurationIsVisible = 0;
		};
/* End XCConfigurationList section */
	};
	rootObject = 23F42EC21D069999002503B6 /* Project object */;
}
